
Microsoft Visual Studio Solution File, Format Version 12.00
# Visual Studio Version 16
VisualStudioVersion = 16.0.31402.337
MinimumVisualStudioVersion = 10.0.40219.1
Project("{FAE04EC0-301F-11D3-BF4B-00C04F79EFBC}") = "CLVSPOS.API", "CLVSPOS.API\CLVSPOS.API.csproj", "{CC1D01AF-51D1-4621-B06C-10355F856380}"
EndProject
Project("{FAE04EC0-301F-11D3-BF4B-00C04F79EFBC}") = "CLVSPOS.COMMON", "CLVSPOS.COMMON\CLVSPOS.COMMON.csproj", "{1900C5B3-47AB-4A24-8028-0AD88FA1C972}"
EndProject
Project("{FAE04EC0-301F-11D3-BF4B-00C04F79EFBC}") = "CLVSPOS.DIAPI", "CLVSPOS.DIAPI\CLVSPOS.DIAPI.csproj", "{37560C86-3C24-4568-B914-18317F301D5A}"
EndProject
Project("{FAE04EC0-301F-11D3-BF4B-00C04F79EFBC}") = "CLVSPOS.SAPDAO", "CLVSPOS.SAPDAO\CLVSPOS.SAPDAO.csproj", "{D903BE05-BFD9-4105-85CB-B47A8A00358B}"
EndProject
Project("{FAE04EC0-301F-11D3-BF4B-00C04F79EFBC}") = "CLVSPOS.DAO", "CLVSPOS.DAO\CLVSPOS.DAO.csproj", "{97A8DFB3-02FA-4940-A137-5EB2029DCF4E}"
EndProject
Project("{FAE04EC0-301F-11D3-BF4B-00C04F79EFBC}") = "CLVSPOS.MODELS", "CLVSPOS.MODELS\CLVSPOS.MODELS.csproj", "{9F23E3CC-EF70-4EF1-9A35-0833D575EC43}"
EndProject
Project("{FAE04EC0-301F-11D3-BF4B-00C04F79EFBC}") = "CLVSPOS.LOGGER", "CLVSPOS.LOGGER\CLVSPOS.LOGGER.csproj", "{15C5FF9C-4782-420E-995E-992550CB3C6C}"
EndProject
Project("{FAE04EC0-301F-11D3-BF4B-00C04F79EFBC}") = "CLVSPOS.PROCESS", "CLVSPOS.PROCESS\CLVSPOS.PROCESS.csproj", "{580A776C-F8C6-43EB-A2A1-277CAAD9200D}"
EndProject
Project("{2150E333-8FDC-42A3-9474-1A3956D46DE8}") = "Solution Items", "Solution Items", "{545CBE03-0DE3-4030-B8AD-B19D0C5B433B}"
	ProjectSection(SolutionItems) = preProject
		Files\ConnectCompany.ps1 = Files\ConnectCompany.ps1
	EndProjectSection
EndProject
Global
	GlobalSection(SolutionConfigurationPlatforms) = preSolution
		Debug|Any CPU = Debug|Any CPU
		Debug|x64 = Debug|x64
		Release|Any CPU = Release|Any CPU
		Release|x64 = Release|x64
	EndGlobalSection
	GlobalSection(ProjectConfigurationPlatforms) = postSolution
		{CC1D01AF-51D1-4621-B06C-10355F856380}.Debug|Any CPU.ActiveCfg = Debug|Any CPU
		{CC1D01AF-51D1-4621-B06C-10355F856380}.Debug|Any CPU.Build.0 = Debug|Any CPU
		{CC1D01AF-51D1-4621-B06C-10355F856380}.Debug|x64.ActiveCfg = Debug|x64
		{CC1D01AF-51D1-4621-B06C-10355F856380}.Debug|x64.Build.0 = Debug|x64
		{CC1D01AF-51D1-4621-B06C-10355F856380}.Release|Any CPU.ActiveCfg = Release|Any CPU
		{CC1D01AF-51D1-4621-B06C-10355F856380}.Release|Any CPU.Build.0 = Release|Any CPU
		{CC1D01AF-51D1-4621-B06C-10355F856380}.Release|x64.ActiveCfg = Release|x64
		{CC1D01AF-51D1-4621-B06C-10355F856380}.Release|x64.Build.0 = Release|x64
		{1900C5B3-47AB-4A24-8028-0AD88FA1C972}.Debug|Any CPU.ActiveCfg = Debug|Any CPU
		{1900C5B3-47AB-4A24-8028-0AD88FA1C972}.Debug|Any CPU.Build.0 = Debug|Any CPU
		{1900C5B3-47AB-4A24-8028-0AD88FA1C972}.Debug|x64.ActiveCfg = Debug|x64
		{1900C5B3-47AB-4A24-8028-0AD88FA1C972}.Debug|x64.Build.0 = Debug|x64
		{1900C5B3-47AB-4A24-8028-0AD88FA1C972}.Release|Any CPU.ActiveCfg = Release|Any CPU
		{1900C5B3-47AB-4A24-8028-0AD88FA1C972}.Release|Any CPU.Build.0 = Release|Any CPU
		{1900C5B3-47AB-4A24-8028-0AD88FA1C972}.Release|x64.ActiveCfg = Release|x64
		{1900C5B3-47AB-4A24-8028-0AD88FA1C972}.Release|x64.Build.0 = Release|x64
		{37560C86-3C24-4568-B914-18317F301D5A}.Debug|Any CPU.ActiveCfg = Debug|Any CPU
		{37560C86-3C24-4568-B914-18317F301D5A}.Debug|Any CPU.Build.0 = Debug|Any CPU
		{37560C86-3C24-4568-B914-18317F301D5A}.Debug|x64.ActiveCfg = Debug|x64
		{37560C86-3C24-4568-B914-18317F301D5A}.Debug|x64.Build.0 = Debug|x64
		{37560C86-3C24-4568-B914-18317F301D5A}.Release|Any CPU.ActiveCfg = Release|Any CPU
		{37560C86-3C24-4568-B914-18317F301D5A}.Release|Any CPU.Build.0 = Release|Any CPU
		{37560C86-3C24-4568-B914-18317F301D5A}.Release|x64.ActiveCfg = Release|x64
		{37560C86-3C24-4568-B914-18317F301D5A}.Release|x64.Build.0 = Release|x64
		{D903BE05-BFD9-4105-85CB-B47A8A00358B}.Debug|Any CPU.ActiveCfg = Debug|Any CPU
		{D903BE05-BFD9-4105-85CB-B47A8A00358B}.Debug|Any CPU.Build.0 = Debug|Any CPU
		{D903BE05-BFD9-4105-85CB-B47A8A00358B}.Debug|x64.ActiveCfg = Debug|x64
		{D903BE05-BFD9-4105-85CB-B47A8A00358B}.Debug|x64.Build.0 = Debug|x64
		{D903BE05-BFD9-4105-85CB-B47A8A00358B}.Release|Any CPU.ActiveCfg = Release|Any CPU
		{D903BE05-BFD9-4105-85CB-B47A8A00358B}.Release|Any CPU.Build.0 = Release|Any CPU
		{D903BE05-BFD9-4105-85CB-B47A8A00358B}.Release|x64.ActiveCfg = Release|x64
		{D903BE05-BFD9-4105-85CB-B47A8A00358B}.Release|x64.Build.0 = Release|x64
		{97A8DFB3-02FA-4940-A137-5EB2029DCF4E}.Debug|Any CPU.ActiveCfg = Debug|Any CPU
		{97A8DFB3-02FA-4940-A137-5EB2029DCF4E}.Debug|Any CPU.Build.0 = Debug|Any CPU
		{97A8DFB3-02FA-4940-A137-5EB2029DCF4E}.Debug|x64.ActiveCfg = Debug|x64
		{97A8DFB3-02FA-4940-A137-5EB2029DCF4E}.Debug|x64.Build.0 = Debug|x64
		{97A8DFB3-02FA-4940-A137-5EB2029DCF4E}.Release|Any CPU.ActiveCfg = Release|Any CPU
		{97A8DFB3-02FA-4940-A137-5EB2029DCF4E}.Release|Any CPU.Build.0 = Release|Any CPU
		{97A8DFB3-02FA-4940-A137-5EB2029DCF4E}.Release|x64.ActiveCfg = Release|x64
		{97A8DFB3-02FA-4940-A137-5EB2029DCF4E}.Release|x64.Build.0 = Release|x64
		{9F23E3CC-EF70-4EF1-9A35-0833D575EC43}.Debug|Any CPU.ActiveCfg = Debug|Any CPU
		{9F23E3CC-EF70-4EF1-9A35-0833D575EC43}.Debug|Any CPU.Build.0 = Debug|Any CPU
		{9F23E3CC-EF70-4EF1-9A35-0833D575EC43}.Debug|x64.ActiveCfg = Debug|x64
		{9F23E3CC-EF70-4EF1-9A35-0833D575EC43}.Debug|x64.Build.0 = Debug|x64
		{9F23E3CC-EF70-4EF1-9A35-0833D575EC43}.Release|Any CPU.ActiveCfg = Release|Any CPU
		{9F23E3CC-EF70-4EF1-9A35-0833D575EC43}.Release|Any CPU.Build.0 = Release|Any CPU
		{9F23E3CC-EF70-4EF1-9A35-0833D575EC43}.Release|x64.ActiveCfg = Release|x64
		{9F23E3CC-EF70-4EF1-9A35-0833D575EC43}.Release|x64.Build.0 = Release|x64
		{15C5FF9C-4782-420E-995E-992550CB3C6C}.Debug|Any CPU.ActiveCfg = Debug|Any CPU
		{15C5FF9C-4782-420E-995E-992550CB3C6C}.Debug|Any CPU.Build.0 = Debug|Any CPU
		{15C5FF9C-4782-420E-995E-992550CB3C6C}.Debug|x64.ActiveCfg = Debug|x64
		{15C5FF9C-4782-420E-995E-992550CB3C6C}.Debug|x64.Build.0 = Debug|x64
		{15C5FF9C-4782-420E-995E-992550CB3C6C}.Release|Any CPU.ActiveCfg = Release|Any CPU
		{15C5FF9C-4782-420E-995E-992550CB3C6C}.Release|Any CPU.Build.0 = Release|Any CPU
		{15C5FF9C-4782-420E-995E-992550CB3C6C}.Release|x64.ActiveCfg = Release|x64
		{15C5FF9C-4782-420E-995E-992550CB3C6C}.Release|x64.Build.0 = Release|x64
		{580A776C-F8C6-43EB-A2A1-277CAAD9200D}.Debug|Any CPU.ActiveCfg = Debug|Any CPU
		{580A776C-F8C6-43EB-A2A1-277CAAD9200D}.Debug|Any CPU.Build.0 = Debug|Any CPU
		{580A776C-F8C6-43EB-A2A1-277CAAD9200D}.Debug|x64.ActiveCfg = Debug|x64
		{580A776C-F8C6-43EB-A2A1-277CAAD9200D}.Debug|x64.Build.0 = Debug|x64
		{580A776C-F8C6-43EB-A2A1-277CAAD9200D}.Release|Any CPU.ActiveCfg = Release|Any CPU
		{580A776C-F8C6-43EB-A2A1-277CAAD9200D}.Release|Any CPU.Build.0 = Release|Any CPU
		{580A776C-F8C6-43EB-A2A1-277CAAD9200D}.Release|x64.ActiveCfg = Release|x64
		{580A776C-F8C6-43EB-A2A1-277CAAD9200D}.Release|x64.Build.0 = Release|x64
	EndGlobalSection
	GlobalSection(SolutionProperties) = preSolution
		HideSolutionNode = FALSE
	EndGlobalSection
	GlobalSection(ExtensibilityGlobals) = postSolution
		SolutionGuid = {8BAF5C60-0BAF-42BC-8E76-075E548752CC}
	EndGlobalSection
EndGlobal
